
Microsoft Visual Studio Solution File, Format Version 12.00
# Visual Studio Version 17
VisualStudioVersion = 17.9.34616.47
MinimumVisualStudioVersion = 10.0.40219.1
Project("{FAE04EC0-301F-11D3-BF4B-00C04F79EFBC}") = "Lazada", "Lazada\Lazada.csproj", "{988A5515-7C93-4CA2-A039-D1C1F8D77F21}"
EndProject
Global
	GlobalSection(SolutionConfigurationPlatforms) = preSolution
		Debug|Any CPU = Debug|Any CPU
		Release|Any CPU = Release|Any CPU
	EndGlobalSection
	GlobalSection(ProjectConfigurationPlatforms) = postSolution
		{988A5515-7C93-4CA2-A039-D1C1F8D77F21}.Debug|Any CPU.ActiveCfg = Debug|Any CPU
		{988A5515-7C93-4CA2-A039-D1C1F8D77F21}.Debug|Any CPU.Build.0 = Debug|Any CPU
		{988A5515-7C93-4CA2-A039-D1C1F8D77F21}.Release|Any CPU.ActiveCfg = Release|Any CPU
		{988A5515-7C93-4CA2-A039-D1C1F8D77F21}.Release|Any CPU.Build.0 = Release|Any CPU
	EndGlobalSection
	GlobalSection(SolutionProperties) = preSolution
		HideSolutionNode = FALSE
	EndGlobalSection
	GlobalSection(ExtensibilityGlobals) = postSolution
		SolutionGuid = {0FAE3BE6-CAB3-4EE3-B813-3E94DB897E35}
	EndGlobalSection
EndGlobal
